
Microsoft Visual Studio Solution File, Format Version 12.00
# Visual Studio Version 17
VisualStudioVersion = 17.9.34728.123
MinimumVisualStudioVersion = 10.0.40219.1
Project("{FAE04EC0-301F-11D3-BF4B-00C04F79EFBC}") = "Task 1", "Task 1\Task 1.csproj", "{84D86B4E-15B4-4E1B-92AF-23073664B676}"
EndProject
Project("{FAE04EC0-301F-11D3-BF4B-00C04F79EFBC}") = "Task 2", "Task 2\Task 2.csproj", "{21A2920B-8D9A-4A33-92BD-59012192271C}"
EndProject
Global
	GlobalSection(SolutionConfigurationPlatforms) = preSolution
		Debug|Any CPU = Debug|Any CPU
		Release|Any CPU = Release|Any CPU
	EndGlobalSection
	GlobalSection(ProjectConfigurationPlatforms) = postSolution
		{84D86B4E-15B4-4E1B-92AF-23073664B676}.Debug|Any CPU.ActiveCfg = Debug|Any CPU
		{84D86B4E-15B4-4E1B-92AF-23073664B676}.Debug|Any CPU.Build.0 = Debug|Any CPU
		{84D86B4E-15B4-4E1B-92AF-23073664B676}.Release|Any CPU.ActiveCfg = Release|Any CPU
		{84D86B4E-15B4-4E1B-92AF-23073664B676}.Release|Any CPU.Build.0 = Release|Any CPU
		{21A2920B-8D9A-4A33-92BD-59012192271C}.Debug|Any CPU.ActiveCfg = Debug|Any CPU
		{21A2920B-8D9A-4A33-92BD-59012192271C}.Debug|Any CPU.Build.0 = Debug|Any CPU
		{21A2920B-8D9A-4A33-92BD-59012192271C}.Release|Any CPU.ActiveCfg = Release|Any CPU
		{21A2920B-8D9A-4A33-92BD-59012192271C}.Release|Any CPU.Build.0 = Release|Any CPU
	EndGlobalSection
	GlobalSection(SolutionProperties) = preSolution
		HideSolutionNode = FALSE
	EndGlobalSection
	GlobalSection(ExtensibilityGlobals) = postSolution
		SolutionGuid = {B80D9619-245C-4388-9750-08B918639816}
	EndGlobalSection
EndGlobal
